
Microsoft Visual Studio Solution File, Format Version 12.00
# Visual Studio Version 16
VisualStudioVersion = 16.0.33801.447
MinimumVisualStudioVersion = 10.0.40219.1
Project("{FAE04EC0-301F-11D3-BF4B-00C04F79EFBC}") = "PM02_ISIP020_Barbun", "PM02_ISIP020_Barbun\PM02_ISIP020_Barbun.csproj", "{BCB46DC9-AF3E-4DAA-B7B2-CBDAF170B8EE}"
EndProject
Global
	GlobalSection(SolutionConfigurationPlatforms) = preSolution
		Debug|Any CPU = Debug|Any CPU
		Release|Any CPU = Release|Any CPU
	EndGlobalSection
	GlobalSection(ProjectConfigurationPlatforms) = postSolution
		{BCB46DC9-AF3E-4DAA-B7B2-CBDAF170B8EE}.Debug|Any CPU.ActiveCfg = Debug|Any CPU
		{BCB46DC9-AF3E-4DAA-B7B2-CBDAF170B8EE}.Debug|Any CPU.Build.0 = Debug|Any CPU
		{BCB46DC9-AF3E-4DAA-B7B2-CBDAF170B8EE}.Release|Any CPU.ActiveCfg = Release|Any CPU
		{BCB46DC9-AF3E-4DAA-B7B2-CBDAF170B8EE}.Release|Any CPU.Build.0 = Release|Any CPU
	EndGlobalSection
	GlobalSection(SolutionProperties) = preSolution
		HideSolutionNode = FALSE
	EndGlobalSection
	GlobalSection(ExtensibilityGlobals) = postSolution
		SolutionGuid = {664B26CA-9628-45F8-96B1-B5B23DCBCC52}
	EndGlobalSection
EndGlobal
